
Microsoft Visual Studio Solution File, Format Version 11.00
# Visual Studio 2010
Project("{FAE04EC0-301F-11D3-BF4B-00C04F79EFBC}") = "KWSImageHyperlinkFieldType", "KWSImageHyperlinkFieldType\KWSImageHyperlinkFieldType.csproj", "{A0BAEA95-979C-4FA0-B041-48707C9556ED}"
EndProject
Global
	GlobalSection(TeamFoundationVersionControl) = preSolution
		SccNumberOfProjects = 2
		SccEnterpriseProvider = {4CA58AB2-18FA-4F8D-95D4-32DDF27D184C}
		SccTeamFoundationServer = https://tfs.codeplex.com/tfs/tfs09
		SccLocalPath0 = .
		SccProjectUniqueName1 = KWSImageHyperlinkFieldType\\KWSImageHyperlinkFieldType.csproj
		SccProjectName1 = KWSImageHyperlinkFieldType
		SccLocalPath1 = KWSImageHyperlinkFieldType
	EndGlobalSection
	GlobalSection(SolutionConfigurationPlatforms) = preSolution
		Debug|Any CPU = Debug|Any CPU
		Release|Any CPU = Release|Any CPU
	EndGlobalSection
	GlobalSection(ProjectConfigurationPlatforms) = postSolution
		{A0BAEA95-979C-4FA0-B041-48707C9556ED}.Debug|Any CPU.ActiveCfg = Debug|Any CPU
		{A0BAEA95-979C-4FA0-B041-48707C9556ED}.Debug|Any CPU.Build.0 = Debug|Any CPU
		{A0BAEA95-979C-4FA0-B041-48707C9556ED}.Debug|Any CPU.Deploy.0 = Debug|Any CPU
		{A0BAEA95-979C-4FA0-B041-48707C9556ED}.Release|Any CPU.ActiveCfg = Release|Any CPU
		{A0BAEA95-979C-4FA0-B041-48707C9556ED}.Release|Any CPU.Build.0 = Release|Any CPU
		{A0BAEA95-979C-4FA0-B041-48707C9556ED}.Release|Any CPU.Deploy.0 = Release|Any CPU
	EndGlobalSection
	GlobalSection(SolutionProperties) = preSolution
		HideSolutionNode = FALSE
	EndGlobalSection
EndGlobal
